
Microsoft Visual Studio Solution File, Format Version 12.00
# Visual Studio Version 17
VisualStudioVersion = 17.13.35913.81 d17.13
MinimumVisualStudioVersion = 10.0.40219.1
Project("{8BC9CEB8-8B4A-11D0-8D11-00A0C91BC942}") = "Hardplace 7760", "Hardplace 7760\Hardplace 7760.vcxproj", "{DD65DD1D-2CC3-BE94-9C68-78FF7F862F5A}"
EndProject
Global
	GlobalSection(SolutionConfigurationPlatforms) = preSolution
		Debug|x64 = Debug|x64
		Debug|x86 = Debug|x86
		Release|x64 = Release|x64
		Release|x86 = Release|x86
	EndGlobalSection
	GlobalSection(ProjectConfigurationPlatforms) = postSolution
		{DD65DD1D-2CC3-BE94-9C68-78FF7F862F5A}.Debug|x64.ActiveCfg = Debug|x64
		{DD65DD1D-2CC3-BE94-9C68-78FF7F862F5A}.Debug|x64.Build.0 = Debug|x64
		{DD65DD1D-2CC3-BE94-9C68-78FF7F862F5A}.Debug|x86.ActiveCfg = Debug|Win32
		{DD65DD1D-2CC3-BE94-9C68-78FF7F862F5A}.Debug|x86.Build.0 = Debug|Win32
		{DD65DD1D-2CC3-BE94-9C68-78FF7F862F5A}.Release|x64.ActiveCfg = Release|x64
		{DD65DD1D-2CC3-BE94-9C68-78FF7F862F5A}.Release|x64.Build.0 = Release|x64
		{DD65DD1D-2CC3-BE94-9C68-78FF7F862F5A}.Release|x86.ActiveCfg = Release|Win32
		{DD65DD1D-2CC3-BE94-9C68-78FF7F862F5A}.Release|x86.Build.0 = Release|Win32
	EndGlobalSection
	GlobalSection(SolutionProperties) = preSolution
		HideSolutionNode = FALSE
	EndGlobalSection
	GlobalSection(ExtensibilityGlobals) = postSolution
		SolutionGuid = {DB74B84F-9428-436F-A063-79DDC18ECCF3}
	EndGlobalSection
EndGlobal
